
Microsoft Visual Studio Solution File, Format Version 12.00
# Visual Studio Version 17
VisualStudioVersion = 17.9.34728.123
MinimumVisualStudioVersion = 10.0.40219.1
Project("{FAE04EC0-301F-11D3-BF4B-00C04F79EFBC}") = "OnDesp", "OnDesp.csproj", "{EAC8BDBA-E3DA-4123-9E2B-FCFDB6CBC068}"
EndProject
Global
	GlobalSection(SolutionConfigurationPlatforms) = preSolution
		Debug|Any CPU = Debug|Any CPU
		Release|Any CPU = Release|Any CPU
	EndGlobalSection
	GlobalSection(ProjectConfigurationPlatforms) = postSolution
		{EAC8BDBA-E3DA-4123-9E2B-FCFDB6CBC068}.Debug|Any CPU.ActiveCfg = Debug|Any CPU
		{EAC8BDBA-E3DA-4123-9E2B-FCFDB6CBC068}.Debug|Any CPU.Build.0 = Debug|Any CPU
		{EAC8BDBA-E3DA-4123-9E2B-FCFDB6CBC068}.Release|Any CPU.ActiveCfg = Release|Any CPU
		{EAC8BDBA-E3DA-4123-9E2B-FCFDB6CBC068}.Release|Any CPU.Build.0 = Release|Any CPU
	EndGlobalSection
	GlobalSection(SolutionProperties) = preSolution
		HideSolutionNode = FALSE
	EndGlobalSection
	GlobalSection(ExtensibilityGlobals) = postSolution
		SolutionGuid = {D47846EE-933D-4CFC-A6D2-EDD9A248F9E7}
	EndGlobalSection
EndGlobal
